// !$*UTF8*$!
{
	archiveVersion = 1;
	classes = {
	};
	objectVersion = 50;
	objects = {

/* Begin PBXBuildFile section */
		F5F97AF3238264EF00D3EC86 /* AppDelegate.swift in Sources */ = {isa = PBXBuildFile; fileRef = F5F97AF2238264EF00D3EC86 /* AppDelegate.swift */; };
		F5F97AF5238264EF00D3EC86 /* ViewController.swift in Sources */ = {isa = PBXBuildFile; fileRef = F5F97AF4238264EF00D3EC86 /* ViewController.swift */; };
		F5F97AF8238264EF00D3EC86 /* Main.storyboard in Resources */ = {isa = PBXBuildFile; fileRef = F5F97AF6238264EF00D3EC86 /* Main.storyboard */; };
		F5F97AFA238264F000D3EC86 /* Assets.xcassets in Resources */ = {isa = PBXBuildFile; fileRef = F5F97AF9238264F000D3EC86 /* Assets.xcassets */; };
		F5F97AFD238264F000D3EC86 /* LaunchScreen.storyboard in Resources */ = {isa = PBXBuildFile; fileRef = F5F97AFB238264F000D3EC86 /* LaunchScreen.storyboard */; };
		F5F97B08238264F000D3EC86 /* _Tests.swift in Sources */ = {isa = PBXBuildFile; fileRef = F5F97B07238264F000D3EC86 /* _Tests.swift */; };
		F5F97B13238264F000D3EC86 /* _UITests.swift in Sources */ = {isa = PBXBuildFile; fileRef = F5F97B12238264F000D3EC86 /* _UITests.swift */; };
/* End PBXBuildFile section */

/* Begin PBXContainerItemProxy section */
		F5F97B04238264F000D3EC86 /* PBXContainerItemProxy */ = {
			isa = PBXContainerItemProxy;
			containerPortal = F5F97AE7238264EF00D3EC86 /* Project object */;
			proxyType = 1;
			remoteGlobalIDString = F5F97AEE238264EF00D3EC86;
			remoteInfo = 1;
		};
		F5F97B0F238264F000D3EC86 /* PBXContainerItemProxy */ = {
			isa = PBXContainerItemProxy;
			containerPortal = F5F97AE7238264EF00D3EC86 /* Project object */;
			proxyType = 1;
			remoteGlobalIDString = F5F97AEE238264EF00D3EC86;
			remoteInfo = 1;
		};
/* End PBXContainerItemProxy section */

/* Begin PBXFileReference section */
		F5F97AEF238264EF00D3EC86 /* 1.app */ = {isa = PBXFileReference; explicitFileType = wrapper.application; includeInIndex = 0; path = 1.app; sourceTree = BUILT_PRODUCTS_DIR; };
		F5F97AF2238264EF00D3EC86 /* AppDelegate.swift */ = {isa = PBXFileReference; lastKnownFileType = sourcecode.swift; path = AppDelegate.swift; sourceTree = "<group>"; };
		F5F97AF4238264EF00D3EC86 /* ViewController.swift */ = {isa = PBXFileReference; lastKnownFileType = sourcecode.swift; path = ViewController.swift; sourceTree = "<group>"; };
		F5F97AF7238264EF00D3EC86 /* Base */ = {isa = PBXFileReference; lastKnownFileType = file.storyboard; name = Base; path = Base.lproj/Main.storyboard; sourceTree = "<group>"; };
		F5F97AF9238264F000D3EC86 /* Assets.xcassets */ = {isa = PBXFileReference; lastKnownFileType = folder.assetcatalog; path = Assets.xcassets; sourceTree = "<group>"; };
		F5F97AFC238264F000D3EC86 /* Base */ = {isa = PBXFileReference; lastKnownFileType = file.storyboard; name = Base; path = Base.lproj/LaunchScreen.storyboard; sourceTree = "<group>"; };
		F5F97AFE238264F000D3EC86 /* Info.plist */ = {isa = PBXFileReference; lastKnownFileType = text.plist.xml; path = Info.plist; sourceTree = "<group>"; };
		F5F97B03238264F000D3EC86 /* 1Tests.xctest */ = {isa = PBXFileReference; explicitFileType = wrapper.cfbundle; includeInIndex = 0; path = 1Tests.xctest; sourceTree = BUILT_PRODUCTS_DIR; };
		F5F97B07238264F000D3EC86 /* _Tests.swift */ = {isa = PBXFileReference; lastKnownFileType = sourcecode.swift; path = _Tests.swift; sourceTree = "<group>"; };
		F5F97B09238264F000D3EC86 /* Info.plist */ = {isa = PBXFileReference; lastKnownFileType = text.plist.xml; path = Info.plist; sourceTree = "<group>"; };
		F5F97B0E238264F000D3EC86 /* 1UITests.xctest */ = {isa = PBXFileReference; explicitFileType = wrapper.cfbundle; includeInIndex = 0; path = 1UITests.xctest; sourceTree = BUILT_PRODUCTS_DIR; };
		F5F97B12238264F000D3EC86 /* _UITests.swift */ = {isa = PBXFileReference; lastKnownFileType = sourcecode.swift; path = _UITests.swift; sourceTree = "<group>"; };
		F5F97B14238264F000D3EC86 /* Info.plist */ = {isa = PBXFileReference; lastKnownFileType = text.plist.xml; path = Info.plist; sourceTree = "<group>"; };
/* End PBXFileReference section */

/* Begin PBXFrameworksBuildPhase section */
		F5F97AEC238264EF00D3EC86 /* Frameworks */ = {
			isa = PBXFrameworksBuildPhase;
			buildActionMask = 2147483647;
			files = (
			);
			runOnlyForDeploymentPostprocessing = 0;
		};
		F5F97B00238264F000D3EC86 /* Frameworks */ = {
			isa = PBXFrameworksBuildPhase;
			buildActionMask = 2147483647;
			files = (
			);
			runOnlyForDeploymentPostprocessing = 0;
		};
		F5F97B0B238264F000D3EC86 /* Frameworks */ = {
			isa = PBXFrameworksBuildPhase;
			buildActionMask = 2147483647;
			files = (
			);
			runOnlyForDeploymentPostprocessing = 0;
		};
/* End PBXFrameworksBuildPhase section */

/* Begin PBXGroup section */
		F5F97AE6238264EF00D3EC86 = {
			isa = PBXGroup;
			children = (
				F5F97AF1238264EF00D3EC86 /* 1 */,
				F5F97B06238264F000D3EC86 /* 1Tests */,
				F5F97B11238264F000D3EC86 /* 1UITests */,
				F5F97AF0238264EF00D3EC86 /* Products */,
			);
			sourceTree = "<group>";
		};
		F5F97AF0238264EF00D3EC86 /* Products */ = {
			isa = PBXGroup;
			children = (
				F5F97AEF238264EF00D3EC86 /* 1.app */,
				F5F97B03238264F000D3EC86 /* 1Tests.xctest */,
				F5F97B0E238264F000D3EC86 /* 1UITests.xctest */,
			);
			name = Products;
			sourceTree = "<group>";
		};
		F5F97AF1238264EF00D3EC86 /* 1 */ = {
			isa = PBXGroup;
			children = (
				F5F97AF2238264EF00D3EC86 /* AppDelegate.swift */,
				F5F97AF4238264EF00D3EC86 /* ViewController.swift */,
				F5F97AF6238264EF00D3EC86 /* Main.storyboard */,
				F5F97AF9238264F000D3EC86 /* Assets.xcassets */,
				F5F97AFB238264F000D3EC86 /* LaunchScreen.storyboard */,
				F5F97AFE238264F000D3EC86 /* Info.plist */,
			);
			path = 1;
			sourceTree = "<group>";
		};
		F5F97B06238264F000D3EC86 /* 1Tests */ = {
			isa = PBXGroup;
			children = (
				F5F97B07238264F000D3EC86 /* _Tests.swift */,
				F5F97B09238264F000D3EC86 /* Info.plist */,
			);
			path = 1Tests;
			sourceTree = "<group>";
		};
		F5F97B11238264F000D3EC86 /* 1UITests */ = {
			isa = PBXGroup;
			children = (
				F5F97B12238264F000D3EC86 /* _UITests.swift */,
				F5F97B14238264F000D3EC86 /* Info.plist */,
			);
			path = 1UITests;
			sourceTree = "<group>";
		};
/* End PBXGroup section */

/* Begin PBXNativeTarget section */
		F5F97AEE238264EF00D3EC86 /* 1 */ = {
			isa = PBXNativeTarget;
			buildConfigurationList = F5F97B17238264F000D3EC86 /* Build configuration list for PBXNativeTarget "1" */;
			buildPhases = (
				F5F97AEB238264EF00D3EC86 /* Sources */,
				F5F97AEC238264EF00D3EC86 /* Frameworks */,
				F5F97AED238264EF00D3EC86 /* Resources */,
			);
			buildRules = (
			);
			dependencies = (
			);
			name = 1;
			productName = 1;
			productReference = F5F97AEF238264EF00D3EC86 /* 1.app */;
			productType = "com.apple.product-type.application";
		};
		F5F97B02238264F000D3EC86 /* 1Tests */ = {
			isa = PBXNativeTarget;
			buildConfigurationList = F5F97B1A238264F000D3EC86 /* Build configuration list for PBXNativeTarget "1Tests" */;
			buildPhases = (
				F5F97AFF238264F000D3EC86 /* Sources */,
				F5F97B00238264F000D3EC86 /* Frameworks */,
				F5F97B01238264F000D3EC86 /* Resources */,
			);
			buildRules = (
			);
			dependencies = (
				F5F97B05238264F000D3EC86 /* PBXTargetDependency */,
			);
			name = 1Tests;
			productName = 1Tests;
			productReference = F5F97B03238264F000D3EC86 /* 1Tests.xctest */;
			productType = "com.apple.product-type.bundle.unit-test";
		};
		F5F97B0D238264F000D3EC86 /* 1UITests */ = {
			isa = PBXNativeTarget;
			buildConfigurationList = F5F97B1D238264F000D3EC86 /* Build configuration list for PBXNativeTarget "1UITests" */;
			buildPhases = (
				F5F97B0A238264F000D3EC86 /* Sources */,
				F5F97B0B238264F000D3EC86 /* Frameworks */,
				F5F97B0C238264F000D3EC86 /* Resources */,
			);
			buildRules = (
			);
			dependencies = (
				F5F97B10238264F000D3EC86 /* PBXTargetDependency */,
			);
			name = 1UITests;
			productName = 1UITests;
			productReference = F5F97B0E238264F000D3EC86 /* 1UITests.xctest */;
			productType = "com.apple.product-type.bundle.ui-testing";
		};
/* End PBXNativeTarget section */

/* Begin PBXProject section */
		F5F97AE7238264EF00D3EC86 /* Project object */ = {
			isa = PBXProject;
			attributes = {
				LastSwiftUpdateCheck = 1010;
				LastUpgradeCheck = 1010;
				ORGANIZATIONNAME = ParkSunjae;
				TargetAttributes = {
					F5F97AEE238264EF00D3EC86 = {
						CreatedOnToolsVersion = 10.1;
					};
					F5F97B02238264F000D3EC86 = {
						CreatedOnToolsVersion = 10.1;
						TestTargetID = F5F97AEE238264EF00D3EC86;
					};
					F5F97B0D238264F000D3EC86 = {
						CreatedOnToolsVersion = 10.1;
						TestTargetID = F5F97AEE238264EF00D3EC86;
					};
				};
			};
			buildConfigurationList = F5F97AEA238264EF00D3EC86 /* Build configuration list for PBXProject "1" */;
			compatibilityVersion = "Xcode 9.3";
			developmentRegion = en;
			hasScannedForEncodings = 0;
			knownRegions = (
				en,
				Base,
			);
			mainGroup = F5F97AE6238264EF00D3EC86;
			productRefGroup = F5F97AF0238264EF00D3EC86 /* Products */;
			projectDirPath = "";
			projectRoot = "";
			targets = (
				F5F97AEE238264EF00D3EC86 /* 1 */,
				F5F97B02238264F000D3EC86 /* 1Tests */,
				F5F97B0D238264F000D3EC86 /* 1UITests */,
			);
		};
/* End PBXProject section */

/* Begin PBXResourcesBuildPhase section */
		F5F97AED238264EF00D3EC86 /* Resources */ = {
			isa = PBXResourcesBuildPhase;
			buildActionMask = 2147483647;
			files = (
				F5F97AFD238264F000D3EC86 /* LaunchScreen.storyboard in Resources */,
				F5F97AFA238264F000D3EC86 /* Assets.xcassets in Resources */,
				F5F97AF8238264EF00D3EC86 /* Main.storyboard in Resources */,
			);
			runOnlyForDeploymentPostprocessing = 0;
		};
		F5F97B01238264F000D3EC86 /* Resources */ = {
			isa = PBXResourcesBuildPhase;
			buildActionMask = 2147483647;
			files = (
			);
			runOnlyForDeploymentPostprocessing = 0;
		};
		F5F97B0C238264F000D3EC86 /* Resources */ = {
			isa = PBXResourcesBuildPhase;
			buildActionMask = 2147483647;
			files = (
			);
			runOnlyForDeploymentPostprocessing = 0;
		};
/* End PBXResourcesBuildPhase section */

/* Begin PBXSourcesBuildPhase section */
		F5F97AEB238264EF00D3EC86 /* Sources */ = {
			isa = PBXSourcesBuildPhase;
			buildActionMask = 2147483647;
			files = (
				F5F97AF5238264EF00D3EC86 /* ViewController.swift in Sources */,
				F5F97AF3238264EF00D3EC86 /* AppDelegate.swift in Sources */,
			);
			runOnlyForDeploymentPostprocessing = 0;
		};
		F5F97AFF238264F000D3EC86 /* Sources */ = {
			isa = PBXSourcesBuildPhase;
			buildActionMask = 2147483647;
			files = (
				F5F97B08238264F000D3EC86 /* _Tests.swift in Sources */,
			);
			runOnlyForDeploymentPostprocessing = 0;
		};
		F5F97B0A238264F000D3EC86 /* Sources */ = {
			isa = PBXSourcesBuildPhase;
			buildActionMask = 2147483647;
			files = (
				F5F97B13238264F000D3EC86 /* _UITests.swift in Sources */,
			);
			runOnlyForDeploymentPostprocessing = 0;
		};
/* End PBXSourcesBuildPhase section */

/* Begin PBXTargetDependency section */
		F5F97B05238264F000D3EC86 /* PBXTargetDependency */ = {
			isa = PBXTargetDependency;
			target = F5F97AEE238264EF00D3EC86 /* 1 */;
			targetProxy = F5F97B04238264F000D3EC86 /* PBXContainerItemProxy */;
		};
		F5F97B10238264F000D3EC86 /* PBXTargetDependency */ = {
			isa = PBXTargetDependency;
			target = F5F97AEE238264EF00D3EC86 /* 1 */;
			targetProxy = F5F97B0F238264F000D3EC86 /* PBXContainerItemProxy */;
		};
/* End PBXTargetDependency section */

/* Begin PBXVariantGroup section */
		F5F97AF6238264EF00D3EC86 /* Main.storyboard */ = {
			isa = PBXVariantGroup;
			children = (
				F5F97AF7238264EF00D3EC86 /* Base */,
			);
			name = Main.storyboard;
			sourceTree = "<group>";
		};
		F5F97AFB238264F000D3EC86 /* LaunchScreen.storyboard */ = {
			isa = PBXVariantGroup;
			children = (
				F5F97AFC238264F000D3EC86 /* Base */,
			);
			name = LaunchScreen.storyboard;
			sourceTree = "<group>";
		};
/* End PBXVariantGroup section */

/* Begin XCBuildConfiguration section */
		F5F97B15238264F000D3EC86 /* Debug */ = {
			isa = XCBuildConfiguration;
			buildSettings = {
				ALWAYS_SEARCH_USER_PATHS = NO;
				CLANG_ANALYZER_NONNULL = YES;
				CLANG_ANALYZER_NUMBER_OBJECT_CONVERSION = YES_AGGRESSIVE;
				CLANG_CXX_LANGUAGE_STANDARD = "gnu++14";
				CLANG_CXX_LIBRARY = "libc++";
				CLANG_ENABLE_MODULES = YES;
				CLANG_ENABLE_OBJC_ARC = YES;
				CLANG_ENABLE_OBJC_WEAK = YES;
				CLANG_WARN_BLOCK_CAPTURE_AUTORELEASING = YES;
				CLANG_WARN_BOOL_CONVERSION = YES;
				CLANG_WARN_COMMA = YES;
				CLANG_WARN_CONSTANT_CONVERSION = YES;
				CLANG_WARN_DEPRECATED_OBJC_IMPLEMENTATIONS = YES;
				CLANG_WARN_DIRECT_OBJC_ISA_USAGE = YES_ERROR;
				CLANG_WARN_DOCUMENTATION_COMMENTS = YES;
				CLANG_WARN_EMPTY_BODY = YES;
				CLANG_WARN_ENUM_CONVERSION = YES;
				CLANG_WARN_INFINITE_RECURSION = YES;
				CLANG_WARN_INT_CONVERSION = YES;
				CLANG_WARN_NON_LITERAL_NULL_CONVERSION = YES;
				CLANG_WARN_OBJC_IMPLICIT_RETAIN_SELF = YES;
				CLANG_WARN_OBJC_LITERAL_CONVERSION = YES;
				CLANG_WARN_OBJC_ROOT_CLASS = YES_ERROR;
				CLANG_WARN_RANGE_LOOP_ANALYSIS = YES;
				CLANG_WARN_STRICT_PROTOTYPES = YES;
				CLANG_WARN_SUSPICIOUS_MOVE = YES;
				CLANG_WARN_UNGUARDED_AVAILABILITY = YES_AGGRESSIVE;
				CLANG_WARN_UNREACHABLE_CODE = YES;
				CLANG_WARN__DUPLICATE_METHOD_MATCH = YES;
				CODE_SIGN_IDENTITY = "iPhone Developer";
				COPY_PHASE_STRIP = NO;
				DEBUG_INFORMATION_FORMAT = dwarf;
				ENABLE_STRICT_OBJC_MSGSEND = YES;
				ENABLE_TESTABILITY = YES;
				GCC_C_LANGUAGE_STANDARD = gnu11;
				GCC_DYNAMIC_NO_PIC = NO;
				GCC_NO_COMMON_BLOCKS = YES;
				GCC_OPTIMIZATION_LEVEL = 0;
				GCC_PREPROCESSOR_DEFINITIONS = (
					"DEBUG=1",
					"$(inherited)",
				);
				GCC_WARN_64_TO_32_BIT_CONVERSION = YES;
				GCC_WARN_ABOUT_RETURN_TYPE = YES_ERROR;
				GCC_WARN_UNDECLARED_SELECTOR = YES;
				GCC_WARN_UNINITIALIZED_AUTOS = YES_AGGRESSIVE;
				GCC_WARN_UNUSED_FUNCTION = YES;
				GCC_WARN_UNUSED_VARIABLE = YES;
				IPHONEOS_DEPLOYMENT_TARGET = 12.1;
				MTL_ENABLE_DEBUG_INFO = INCLUDE_SOURCE;
				MTL_FAST_MATH = YES;
				ONLY_ACTIVE_ARCH = YES;
				SDKROOT = iphoneos;
				SWIFT_ACTIVE_COMPILATION_CONDITIONS = DEBUG;
				SWIFT_OPTIMIZATION_LEVEL = "-Onone";
			};
			name = Debug;
		};
		F5F97B16238264F000D3EC86 /* Release */ = {
			isa = XCBuildConfiguration;
			buildSettings = {
				ALWAYS_SEARCH_USER_PATHS = NO;
				CLANG_ANALYZER_NONNULL = YES;
				CLANG_ANALYZER_NUMBER_OBJECT_CONVERSION = YES_AGGRESSIVE;
				CLANG_CXX_LANGUAGE_STANDARD = "gnu++14";
				CLANG_CXX_LIBRARY = "libc++";
				CLANG_ENABLE_MODULES = YES;
				CLANG_ENABLE_OBJC_ARC = YES;
				CLANG_ENABLE_OBJC_WEAK = YES;
				CLANG_WARN_BLOCK_CAPTURE_AUTORELEASING = YES;
				CLANG_WARN_BOOL_CONVERSION = YES;
				CLANG_WARN_COMMA = YES;
				CLANG_WARN_CONSTANT_CONVERSION = YES;
				CLANG_WARN_DEPRECATED_OBJC_IMPLEMENTATIONS = YES;
				CLANG_WARN_DIRECT_OBJC_ISA_USAGE = YES_ERROR;
				CLANG_WARN_DOCUMENTATION_COMMENTS = YES;
				CLANG_WARN_EMPTY_BODY = YES;
				CLANG_WARN_ENUM_CONVERSION = YES;
				CLANG_WARN_INFINITE_RECURSION = YES;
				CLANG_WARN_INT_CONVERSION = YES;
				CLANG_WARN_NON_LITERAL_NULL_CONVERSION = YES;
				CLANG_WARN_OBJC_IMPLICIT_RETAIN_SELF = YES;
				CLANG_WARN_OBJC_LITERAL_CONVERSION = YES;
				CLANG_WARN_OBJC_ROOT_CLASS = YES_ERROR;
				CLANG_WARN_RANGE_LOOP_ANALYSIS = YES;
				CLANG_WARN_STRICT_PROTOTYPES = YES;
				CLANG_WARN_SUSPICIOUS_MOVE = YES;
				CLANG_WARN_UNGUARDED_AVAILABILITY = YES_AGGRESSIVE;
				CLANG_WARN_UNREACHABLE_CODE = YES;
				CLANG_WARN__DUPLICATE_METHOD_MATCH = YES;
				CODE_SIGN_IDENTITY = "iPhone Developer";
				COPY_PHASE_STRIP = NO;
				DEBUG_INFORMATION_FORMAT = "dwarf-with-dsym";
				ENABLE_NS_ASSERTIONS = NO;
				ENABLE_STRICT_OBJC_MSGSEND = YES;
				GCC_C_LANGUAGE_STANDARD = gnu11;
				GCC_NO_COMMON_BLOCKS = YES;
				GCC_WARN_64_TO_32_BIT_CONVERSION = YES;
				GCC_WARN_ABOUT_RETURN_TYPE = YES_ERROR;
				GCC_WARN_UNDECLARED_SELECTOR = YES;
				GCC_WARN_UNINITIALIZED_AUTOS = YES_AGGRESSIVE;
				GCC_WARN_UNUSED_FUNCTION = YES;
				GCC_WARN_UNUSED_VARIABLE = YES;
				IPHONEOS_DEPLOYMENT_TARGET = 12.1;
				MTL_ENABLE_DEBUG_INFO = NO;
				MTL_FAST_MATH = YES;
				SDKROOT = iphoneos;
				SWIFT_COMPILATION_MODE = wholemodule;
				SWIFT_OPTIMIZATION_LEVEL = "-O";
				VALIDATE_PRODUCT = YES;
			};
			name = Release;
		};
		F5F97B18238264F000D3EC86 /* Debug */ = {
			isa = XCBuildConfiguration;
			buildSettings = {
				ASSETCATALOG_COMPILER_APPICON_NAME = AppIcon;
				CODE_SIGN_STYLE = Automatic;
				INFOPLIST_FILE = 1/Info.plist;
				LD_RUNPATH_SEARCH_PATHS = (
					"$(inherited)",
					"@executable_path/Frameworks",
				);
				PRODUCT_BUNDLE_IDENTIFIER = "dit.co.kr.-";
				PRODUCT_NAME = "$(TARGET_NAME)";
				SWIFT_VERSION = 4.2;
				TARGETED_DEVICE_FAMILY = "1,2";
			};
			name = Debug;
		};
		F5F97B19238264F000D3EC86 /* Release */ = {
			isa = XCBuildConfiguration;
			buildSettings = {
				ASSETCATALOG_COMPILER_APPICON_NAME = AppIcon;
				CODE_SIGN_STYLE = Automatic;
				INFOPLIST_FILE = 1/Info.plist;
				LD_RUNPATH_SEARCH_PATHS = (
					"$(inherited)",
					"@executable_path/Frameworks",
				);
				PRODUCT_BUNDLE_IDENTIFIER = "dit.co.kr.-";
				PRODUCT_NAME = "$(TARGET_NAME)";
				SWIFT_VERSION = 4.2;
				TARGETED_DEVICE_FAMILY = "1,2";
			};
			name = Release;
		};
		F5F97B1B238264F000D3EC86 /* Debug */ = {
			isa = XCBuildConfiguration;
			buildSettings = {
				ALWAYS_EMBED_SWIFT_STANDARD_LIBRARIES = YES;
				BUNDLE_LOADER = "$(TEST_HOST)";
				CODE_SIGN_STYLE = Automatic;
				INFOPLIST_FILE = 1Tests/Info.plist;
				LD_RUNPATH_SEARCH_PATHS = (
					"$(inherited)",
					"@executable_path/Frameworks",
					"@loader_path/Frameworks",
				);
				PRODUCT_BUNDLE_IDENTIFIER = "dit.co.kr.-Tests";
				PRODUCT_NAME = "$(TARGET_NAME)";
				SWIFT_VERSION = 4.2;
				TARGETED_DEVICE_FAMILY = "1,2";
				TEST_HOST = "$(BUILT_PRODUCTS_DIR)/1.app/1";
			};
			name = Debug;
		};
		F5F97B1C238264F000D3EC86 /* Release */ = {
			isa = XCBuildConfiguration;
			buildSettings = {
				ALWAYS_EMBED_SWIFT_STANDARD_LIBRARIES = YES;
				BUNDLE_LOADER = "$(TEST_HOST)";
				CODE_SIGN_STYLE = Automatic;
				INFOPLIST_FILE = 1Tests/Info.plist;
				LD_RUNPATH_SEARCH_PATHS = (
					"$(inherited)",
					"@executable_path/Frameworks",
					"@loader_path/Frameworks",
				);
				PRODUCT_BUNDLE_IDENTIFIER = "dit.co.kr.-Tests";
				PRODUCT_NAME = "$(TARGET_NAME)";
				SWIFT_VERSION = 4.2;
				TARGETED_DEVICE_FAMILY = "1,2";
				TEST_HOST = "$(BUILT_PRODUCTS_DIR)/1.app/1";
			};
			name = Release;
		};
		F5F97B1E238264F000D3EC86 /* Debug */ = {
			isa = XCBuildConfiguration;
			buildSettings = {
				ALWAYS_EMBED_SWIFT_STANDARD_LIBRARIES = YES;
				CODE_SIGN_STYLE = Automatic;
				INFOPLIST_FILE = 1UITests/Info.plist;
				LD_RUNPATH_SEARCH_PATHS = (
					"$(inherited)",
					"@executable_path/Frameworks",
					"@loader_path/Frameworks",
				);
				PRODUCT_BUNDLE_IDENTIFIER = "dit.co.kr.-UITests";
				PRODUCT_NAME = "$(TARGET_NAME)";
				SWIFT_VERSION = 4.2;
				TARGETED_DEVICE_FAMILY = "1,2";
				TEST_TARGET_NAME = 1;
			};
			name = Debug;
		};
		F5F97B1F238264F000D3EC86 /* Release */ = {
			isa = XCBuildConfiguration;
			buildSettings = {
				ALWAYS_EMBED_SWIFT_STANDARD_LIBRARIES = YES;
				CODE_SIGN_STYLE = Automatic;
				INFOPLIST_FILE = 1UITests/Info.plist;
				LD_RUNPATH_SEARCH_PATHS = (
					"$(inherited)",
					"@executable_path/Frameworks",
					"@loader_path/Frameworks",
				);
				PRODUCT_BUNDLE_IDENTIFIER = "dit.co.kr.-UITests";
				PRODUCT_NAME = "$(TARGET_NAME)";
				SWIFT_VERSION = 4.2;
				TARGETED_DEVICE_FAMILY = "1,2";
				TEST_TARGET_NAME = 1;
			};
			name = Release;
		};
/* End XCBuildConfiguration section */

/* Begin XCConfigurationList section */
		F5F97AEA238264EF00D3EC86 /* Build configuration list for PBXProject "1" */ = {
			isa = XCConfigurationList;
			buildConfigurations = (
				F5F97B15238264F000D3EC86 /* Debug */,
				F5F97B16238264F000D3EC86 /* Release */,
			);
			defaultConfigurationIsVisible = 0;
			defaultConfigurationName = Release;
		};
		F5F97B17238264F000D3EC86 /* Build configuration list for PBXNativeTarget "1" */ = {
			isa = XCConfigurationList;
			buildConfigurations = (
				F5F97B18238264F000D3EC86 /* Debug */,
				F5F97B19238264F000D3EC86 /* Release */,
			);
			defaultConfigurationIsVisible = 0;
			defaultConfigurationName = Release;
		};
		F5F97B1A238264F000D3EC86 /* Build configuration list for PBXNativeTarget "1Tests" */ = {
			isa = XCConfigurationList;
			buildConfigurations = (
				F5F97B1B238264F000D3EC86 /* Debug */,
				F5F97B1C238264F000D3EC86 /* Release */,
			);
			defaultConfigurationIsVisible = 0;
			defaultConfigurationName = Release;
		};
		F5F97B1D238264F000D3EC86 /* Build configuration list for PBXNativeTarget "1UITests" */ = {
			isa = XCConfigurationList;
			buildConfigurations = (
				F5F97B1E238264F000D3EC86 /* Debug */,
				F5F97B1F238264F000D3EC86 /* Release */,
			);
			defaultConfigurationIsVisible = 0;
			defaultConfigurationName = Release;
		};
/* End XCConfigurationList section */
	};
	rootObject = F5F97AE7238264EF00D3EC86 /* Project object */;
}
